// !$*UTF8*$!
{
	archiveVersion = 1;
	classes = {
	};
	objectVersion = 56;
	objects = {

/* Begin PBXBuildFile section */
		041522F12AC6D9D30074D846 /* AppDelegate.swift in Sources */ = {isa = PBXBuildFile; fileRef = 041522F02AC6D9D30074D846 /* AppDelegate.swift */; };
		041522F32AC6D9D30074D846 /* SceneDelegate.swift in Sources */ = {isa = PBXBuildFile; fileRef = 041522F22AC6D9D30074D846 /* SceneDelegate.swift */; };
		041522F52AC6D9D30074D846 /* ViewController.swift in Sources */ = {isa = PBXBuildFile; fileRef = 041522F42AC6D9D30074D846 /* ViewController.swift */; };
		041522F82AC6D9D30074D846 /* Main.storyboard in Resources */ = {isa = PBXBuildFile; fileRef = 041522F62AC6D9D30074D846 /* Main.storyboard */; };
		041522FA2AC6D9D50074D846 /* Assets.xcassets in Resources */ = {isa = PBXBuildFile; fileRef = 041522F92AC6D9D50074D846 /* Assets.xcassets */; };
		041522FD2AC6D9D50074D846 /* LaunchScreen.storyboard in Resources */ = {isa = PBXBuildFile; fileRef = 041522FB2AC6D9D50074D846 /* LaunchScreen.storyboard */; };
		041523052AC6DF400074D846 /* GoogleService-Info (3).plist in Resources */ = {isa = PBXBuildFile; fileRef = 041523042AC6DF400074D846 /* GoogleService-Info (3).plist */; };
		041523072AC6DF4D0074D846 /* GoogleService-Info.plist in Resources */ = {isa = PBXBuildFile; fileRef = 041523062AC6DF4C0074D846 /* GoogleService-Info.plist */; };
		8E3F73B800691CC3ACC8C4B8 /* Pods_googleLogin.framework in Frameworks */ = {isa = PBXBuildFile; fileRef = D557480BBBF2F1043BDF45B6 /* Pods_googleLogin.framework */; };
/* End PBXBuildFile section */

/* Begin PBXFileReference section */
		041522ED2AC6D9D30074D846 /* googleLogin.app */ = {isa = PBXFileReference; explicitFileType = wrapper.application; includeInIndex = 0; path = googleLogin.app; sourceTree = BUILT_PRODUCTS_DIR; };
		041522F02AC6D9D30074D846 /* AppDelegate.swift */ = {isa = PBXFileReference; lastKnownFileType = sourcecode.swift; path = AppDelegate.swift; sourceTree = "<group>"; };
		041522F22AC6D9D30074D846 /* SceneDelegate.swift */ = {isa = PBXFileReference; lastKnownFileType = sourcecode.swift; path = SceneDelegate.swift; sourceTree = "<group>"; };
		041522F42AC6D9D30074D846 /* ViewController.swift */ = {isa = PBXFileReference; lastKnownFileType = sourcecode.swift; path = ViewController.swift; sourceTree = "<group>"; };
		041522F72AC6D9D30074D846 /* Base */ = {isa = PBXFileReference; lastKnownFileType = file.storyboard; name = Base; path = Base.lproj/Main.storyboard; sourceTree = "<group>"; };
		041522F92AC6D9D50074D846 /* Assets.xcassets */ = {isa = PBXFileReference; lastKnownFileType = folder.assetcatalog; path = Assets.xcassets; sourceTree = "<group>"; };
		041522FC2AC6D9D50074D846 /* Base */ = {isa = PBXFileReference; lastKnownFileType = file.storyboard; name = Base; path = Base.lproj/LaunchScreen.storyboard; sourceTree = "<group>"; };
		041522FE2AC6D9D50074D846 /* Info.plist */ = {isa = PBXFileReference; lastKnownFileType = text.plist.xml; path = Info.plist; sourceTree = "<group>"; };
		041523042AC6DF400074D846 /* GoogleService-Info (3).plist */ = {isa = PBXFileReference; fileEncoding = 4; lastKnownFileType = text.plist.xml; path = "GoogleService-Info (3).plist"; sourceTree = "<group>"; };
		041523062AC6DF4C0074D846 /* GoogleService-Info.plist */ = {isa = PBXFileReference; fileEncoding = 4; lastKnownFileType = text.plist.xml; path = "GoogleService-Info.plist"; sourceTree = "<group>"; };
		3306FD443F61A9219A062E26 /* Pods-googleLogin.debug.xcconfig */ = {isa = PBXFileReference; includeInIndex = 1; lastKnownFileType = text.xcconfig; name = "Pods-googleLogin.debug.xcconfig"; path = "Target Support Files/Pods-googleLogin/Pods-googleLogin.debug.xcconfig"; sourceTree = "<group>"; };
		79DB74F14CAF43A1F18C2071 /* Pods-googleLogin.release.xcconfig */ = {isa = PBXFileReference; includeInIndex = 1; lastKnownFileType = text.xcconfig; name = "Pods-googleLogin.release.xcconfig"; path = "Target Support Files/Pods-googleLogin/Pods-googleLogin.release.xcconfig"; sourceTree = "<group>"; };
		D557480BBBF2F1043BDF45B6 /* Pods_googleLogin.framework */ = {isa = PBXFileReference; explicitFileType = wrapper.framework; includeInIndex = 0; path = Pods_googleLogin.framework; sourceTree = BUILT_PRODUCTS_DIR; };
/* End PBXFileReference section */

/* Begin PBXFrameworksBuildPhase section */
		041522EA2AC6D9D30074D846 /* Frameworks */ = {
			isa = PBXFrameworksBuildPhase;
			buildActionMask = 2147483647;
			files = (
				8E3F73B800691CC3ACC8C4B8 /* Pods_googleLogin.framework in Frameworks */,
			);
			runOnlyForDeploymentPostprocessing = 0;
		};
/* End PBXFrameworksBuildPhase section */

/* Begin PBXGroup section */
		041522E42AC6D9D30074D846 = {
			isa = PBXGroup;
			children = (
				041522EF2AC6D9D30074D846 /* googleLogin */,
				041522EE2AC6D9D30074D846 /* Products */,
				C576A06A66022811BE7F0F7D /* Pods */,
				ABB0FC511D8B0ECDE3EF70F4 /* Frameworks */,
			);
			sourceTree = "<group>";
		};
		041522EE2AC6D9D30074D846 /* Products */ = {
			isa = PBXGroup;
			children = (
				041522ED2AC6D9D30074D846 /* googleLogin.app */,
			);
			name = Products;
			sourceTree = "<group>";
		};
		041522EF2AC6D9D30074D846 /* googleLogin */ = {
			isa = PBXGroup;
			children = (
				041522F02AC6D9D30074D846 /* AppDelegate.swift */,
				041522F22AC6D9D30074D846 /* SceneDelegate.swift */,
				041522F42AC6D9D30074D846 /* ViewController.swift */,
				041522F62AC6D9D30074D846 /* Main.storyboard */,
				041522F92AC6D9D50074D846 /* Assets.xcassets */,
				041522FB2AC6D9D50074D846 /* LaunchScreen.storyboard */,
				041523062AC6DF4C0074D846 /* GoogleService-Info.plist */,
				041523042AC6DF400074D846 /* GoogleService-Info (3).plist */,
				041522FE2AC6D9D50074D846 /* Info.plist */,
			);
			path = googleLogin;
			sourceTree = "<group>";
		};
		ABB0FC511D8B0ECDE3EF70F4 /* Frameworks */ = {
			isa = PBXGroup;
			children = (
				D557480BBBF2F1043BDF45B6 /* Pods_googleLogin.framework */,
			);
			name = Frameworks;
			sourceTree = "<group>";
		};
		C576A06A66022811BE7F0F7D /* Pods */ = {
			isa = PBXGroup;
			children = (
				3306FD443F61A9219A062E26 /* Pods-googleLogin.debug.xcconfig */,
				79DB74F14CAF43A1F18C2071 /* Pods-googleLogin.release.xcconfig */,
			);
			path = Pods;
			sourceTree = "<group>";
		};
/* End PBXGroup section */

/* Begin PBXNativeTarget section */
		041522EC2AC6D9D30074D846 /* googleLogin */ = {
			isa = PBXNativeTarget;
			buildConfigurationList = 041523012AC6D9D50074D846 /* Build configuration list for PBXNativeTarget "googleLogin" */;
			buildPhases = (
				B2CDF2C59B6B262424668652 /* [CP] Check Pods Manifest.lock */,
				041522E92AC6D9D30074D846 /* Sources */,
				041522EA2AC6D9D30074D846 /* Frameworks */,
				041522EB2AC6D9D30074D846 /* Resources */,
				1F20DD8DB9650564D8077588 /* [CP] Embed Pods Frameworks */,
			);
			buildRules = (
			);
			dependencies = (
			);
			name = googleLogin;
			productName = googleLogin;
			productReference = 041522ED2AC6D9D30074D846 /* googleLogin.app */;
			productType = "com.apple.product-type.application";
		};
/* End PBXNativeTarget section */

/* Begin PBXProject section */
		041522E52AC6D9D30074D846 /* Project object */ = {
			isa = PBXProject;
			attributes = {
				BuildIndependentTargetsInParallel = 1;
				LastSwiftUpdateCheck = 1400;
				LastUpgradeCheck = 1400;
				TargetAttributes = {
					041522EC2AC6D9D30074D846 = {
						CreatedOnToolsVersion = 14.0;
					};
				};
			};
			buildConfigurationList = 041522E82AC6D9D30074D846 /* Build configuration list for PBXProject "googleLogin" */;
			compatibilityVersion = "Xcode 14.0";
			developmentRegion = en;
			hasScannedForEncodings = 0;
			knownRegions = (
				en,
				Base,
			);
			mainGroup = 041522E42AC6D9D30074D846;
			productRefGroup = 041522EE2AC6D9D30074D846 /* Products */;
			projectDirPath = "";
			projectRoot = "";
			targets = (
				041522EC2AC6D9D30074D846 /* googleLogin */,
			);
		};
/* End PBXProject section */

/* Begin PBXResourcesBuildPhase section */
		041522EB2AC6D9D30074D846 /* Resources */ = {
			isa = PBXResourcesBuildPhase;
			buildActionMask = 2147483647;
			files = (
				041522FD2AC6D9D50074D846 /* LaunchScreen.storyboard in Resources */,
				041523052AC6DF400074D846 /* GoogleService-Info (3).plist in Resources */,
				041523072AC6DF4D0074D846 /* GoogleService-Info.plist in Resources */,
				041522FA2AC6D9D50074D846 /* Assets.xcassets in Resources */,
				041522F82AC6D9D30074D846 /* Main.storyboard in Resources */,
			);
			runOnlyForDeploymentPostprocessing = 0;
		};
/* End PBXResourcesBuildPhase section */

/* Begin PBXShellScriptBuildPhase section */
		1F20DD8DB9650564D8077588 /* [CP] Embed Pods Frameworks */ = {
			isa = PBXShellScriptBuildPhase;
			buildActionMask = 2147483647;
			files = (
			);
			inputFileListPaths = (
				"${PODS_ROOT}/Target Support Files/Pods-googleLogin/Pods-googleLogin-frameworks-${CONFIGURATION}-input-files.xcfilelist",
			);
			name = "[CP] Embed Pods Frameworks";
			outputFileListPaths = (
				"${PODS_ROOT}/Target Support Files/Pods-googleLogin/Pods-googleLogin-frameworks-${CONFIGURATION}-output-files.xcfilelist",
			);
			runOnlyForDeploymentPostprocessing = 0;
			shellPath = /bin/sh;
			shellScript = "\"${PODS_ROOT}/Target Support Files/Pods-googleLogin/Pods-googleLogin-frameworks.sh\"\n";
			showEnvVarsInLog = 0;
		};
		B2CDF2C59B6B262424668652 /* [CP] Check Pods Manifest.lock */ = {
			isa = PBXShellScriptBuildPhase;
			buildActionMask = 2147483647;
			files = (
			);
			inputFileListPaths = (
			);
			inputPaths = (
				"${PODS_PODFILE_DIR_PATH}/Podfile.lock",
				"${PODS_ROOT}/Manifest.lock",
			);
			name = "[CP] Check Pods Manifest.lock";
			outputFileListPaths = (
			);
			outputPaths = (
				"$(DERIVED_FILE_DIR)/Pods-googleLogin-checkManifestLockResult.txt",
			);
			runOnlyForDeploymentPostprocessing = 0;
			shellPath = /bin/sh;
			shellScript = "diff \"${PODS_PODFILE_DIR_PATH}/Podfile.lock\" \"${PODS_ROOT}/Manifest.lock\" > /dev/null\nif [ $? != 0 ] ; then\n    # print error to STDERR\n    echo \"error: The sandbox is not in sync with the Podfile.lock. Run 'pod install' or update your CocoaPods installation.\" >&2\n    exit 1\nfi\n# This output is used by Xcode 'outputs' to avoid re-running this script phase.\necho \"SUCCESS\" > \"${SCRIPT_OUTPUT_FILE_0}\"\n";
			showEnvVarsInLog = 0;
		};
/* End PBXShellScriptBuildPhase section */

/* Begin PBXSourcesBuildPhase section */
		041522E92AC6D9D30074D846 /* Sources */ = {
			isa = PBXSourcesBuildPhase;
			buildActionMask = 2147483647;
			files = (
				041522F52AC6D9D30074D846 /* ViewController.swift in Sources */,
				041522F12AC6D9D30074D846 /* AppDelegate.swift in Sources */,
				041522F32AC6D9D30074D846 /* SceneDelegate.swift in Sources */,
			);
			runOnlyForDeploymentPostprocessing = 0;
		};
/* End PBXSourcesBuildPhase section */

/* Begin PBXVariantGroup section */
		041522F62AC6D9D30074D846 /* Main.storyboard */ = {
			isa = PBXVariantGroup;
			children = (
				041522F72AC6D9D30074D846 /* Base */,
			);
			name = Main.storyboard;
			sourceTree = "<group>";
		};
		041522FB2AC6D9D50074D846 /* LaunchScreen.storyboard */ = {
			isa = PBXVariantGroup;
			children = (
				041522FC2AC6D9D50074D846 /* Base */,
			);
			name = LaunchScreen.storyboard;
			sourceTree = "<group>";
		};
/* End PBXVariantGroup section */

/* Begin XCBuildConfiguration section */
		041522FF2AC6D9D50074D846 /* Debug */ = {
			isa = XCBuildConfiguration;
			buildSettings = {
				ALWAYS_SEARCH_USER_PATHS = NO;
				CLANG_ANALYZER_NONNULL = YES;
				CLANG_ANALYZER_NUMBER_OBJECT_CONVERSION = YES_AGGRESSIVE;
				CLANG_CXX_LANGUAGE_STANDARD = "gnu++20";
				CLANG_ENABLE_MODULES = YES;
				CLANG_ENABLE_OBJC_ARC = YES;
				CLANG_ENABLE_OBJC_WEAK = YES;
				CLANG_WARN_BLOCK_CAPTURE_AUTORELEASING = YES;
				CLANG_WARN_BOOL_CONVERSION = YES;
				CLANG_WARN_COMMA = YES;
				CLANG_WARN_CONSTANT_CONVERSION = YES;
				CLANG_WARN_DEPRECATED_OBJC_IMPLEMENTATIONS = YES;
				CLANG_WARN_DIRECT_OBJC_ISA_USAGE = YES_ERROR;
				CLANG_WARN_DOCUMENTATION_COMMENTS = YES;
				CLANG_WARN_EMPTY_BODY = YES;
				CLANG_WARN_ENUM_CONVERSION = YES;
				CLANG_WARN_INFINITE_RECURSION = YES;
				CLANG_WARN_INT_CONVERSION = YES;
				CLANG_WARN_NON_LITERAL_NULL_CONVERSION = YES;
				CLANG_WARN_OBJC_IMPLICIT_RETAIN_SELF = YES;
				CLANG_WARN_OBJC_LITERAL_CONVERSION = YES;
				CLANG_WARN_OBJC_ROOT_CLASS = YES_ERROR;
				CLANG_WARN_QUOTED_INCLUDE_IN_FRAMEWORK_HEADER = YES;
				CLANG_WARN_RANGE_LOOP_ANALYSIS = YES;
				CLANG_WARN_STRICT_PROTOTYPES = YES;
				CLANG_WARN_SUSPICIOUS_MOVE = YES;
				CLANG_WARN_UNGUARDED_AVAILABILITY = YES_AGGRESSIVE;
				CLANG_WARN_UNREACHABLE_CODE = YES;
				CLANG_WARN__DUPLICATE_METHOD_MATCH = YES;
				COPY_PHASE_STRIP = NO;
				DEBUG_INFORMATION_FORMAT = dwarf;
				ENABLE_STRICT_OBJC_MSGSEND = YES;
				ENABLE_TESTABILITY = YES;
				GCC_C_LANGUAGE_STANDARD = gnu11;
				GCC_DYNAMIC_NO_PIC = NO;
				GCC_NO_COMMON_BLOCKS = YES;
				GCC_OPTIMIZATION_LEVEL = 0;
				GCC_PREPROCESSOR_DEFINITIONS = (
					"DEBUG=1",
					"$(inherited)",
				);
				GCC_WARN_64_TO_32_BIT_CONVERSION = YES;
				GCC_WARN_ABOUT_RETURN_TYPE = YES_ERROR;
				GCC_WARN_UNDECLARED_SELECTOR = YES;
				GCC_WARN_UNINITIALIZED_AUTOS = YES_AGGRESSIVE;
				GCC_WARN_UNUSED_FUNCTION = YES;
				GCC_WARN_UNUSED_VARIABLE = YES;
				IPHONEOS_DEPLOYMENT_TARGET = 16.0;
				MTL_ENABLE_DEBUG_INFO = INCLUDE_SOURCE;
				MTL_FAST_MATH = YES;
				ONLY_ACTIVE_ARCH = YES;
				SDKROOT = iphoneos;
				SWIFT_ACTIVE_COMPILATION_CONDITIONS = DEBUG;
				SWIFT_OPTIMIZATION_LEVEL = "-Onone";
			};
			name = Debug;
		};
		041523002AC6D9D50074D846 /* Release */ = {
			isa = XCBuildConfiguration;
			buildSettings = {
				ALWAYS_SEARCH_USER_PATHS = NO;
				CLANG_ANALYZER_NONNULL = YES;
				CLANG_ANALYZER_NUMBER_OBJECT_CONVERSION = YES_AGGRESSIVE;
				CLANG_CXX_LANGUAGE_STANDARD = "gnu++20";
				CLANG_ENABLE_MODULES = YES;
				CLANG_ENABLE_OBJC_ARC = YES;
				CLANG_ENABLE_OBJC_WEAK = YES;
				CLANG_WARN_BLOCK_CAPTURE_AUTORELEASING = YES;
				CLANG_WARN_BOOL_CONVERSION = YES;
				CLANG_WARN_COMMA = YES;
				CLANG_WARN_CONSTANT_CONVERSION = YES;
				CLANG_WARN_DEPRECATED_OBJC_IMPLEMENTATIONS = YES;
				CLANG_WARN_DIRECT_OBJC_ISA_USAGE = YES_ERROR;
				CLANG_WARN_DOCUMENTATION_COMMENTS = YES;
				CLANG_WARN_EMPTY_BODY = YES;
				CLANG_WARN_ENUM_CONVERSION = YES;
				CLANG_WARN_INFINITE_RECURSION = YES;
				CLANG_WARN_INT_CONVERSION = YES;
				CLANG_WARN_NON_LITERAL_NULL_CONVERSION = YES;
				CLANG_WARN_OBJC_IMPLICIT_RETAIN_SELF = YES;
				CLANG_WARN_OBJC_LITERAL_CONVERSION = YES;
				CLANG_WARN_OBJC_ROOT_CLASS = YES_ERROR;
				CLANG_WARN_QUOTED_INCLUDE_IN_FRAMEWORK_HEADER = YES;
				CLANG_WARN_RANGE_LOOP_ANALYSIS = YES;
				CLANG_WARN_STRICT_PROTOTYPES = YES;
				CLANG_WARN_SUSPICIOUS_MOVE = YES;
				CLANG_WARN_UNGUARDED_AVAILABILITY = YES_AGGRESSIVE;
				CLANG_WARN_UNREACHABLE_CODE = YES;
				CLANG_WARN__DUPLICATE_METHOD_MATCH = YES;
				COPY_PHASE_STRIP = NO;
				DEBUG_INFORMATION_FORMAT = "dwarf-with-dsym";
				ENABLE_NS_ASSERTIONS = NO;
				ENABLE_STRICT_OBJC_MSGSEND = YES;
				GCC_C_LANGUAGE_STANDARD = gnu11;
				GCC_NO_COMMON_BLOCKS = YES;
				GCC_WARN_64_TO_32_BIT_CONVERSION = YES;
				GCC_WARN_ABOUT_RETURN_TYPE = YES_ERROR;
				GCC_WARN_UNDECLARED_SELECTOR = YES;
				GCC_WARN_UNINITIALIZED_AUTOS = YES_AGGRESSIVE;
				GCC_WARN_UNUSED_FUNCTION = YES;
				GCC_WARN_UNUSED_VARIABLE = YES;
				IPHONEOS_DEPLOYMENT_TARGET = 16.0;
				MTL_ENABLE_DEBUG_INFO = NO;
				MTL_FAST_MATH = YES;
				SDKROOT = iphoneos;
				SWIFT_COMPILATION_MODE = wholemodule;
				SWIFT_OPTIMIZATION_LEVEL = "-O";
				VALIDATE_PRODUCT = YES;
			};
			name = Release;
		};
		041523022AC6D9D50074D846 /* Debug */ = {
			isa = XCBuildConfiguration;
			baseConfigurationReference = 3306FD443F61A9219A062E26 /* Pods-googleLogin.debug.xcconfig */;
			buildSettings = {
				ASSETCATALOG_COMPILER_APPICON_NAME = AppIcon;
				ASSETCATALOG_COMPILER_GLOBAL_ACCENT_COLOR_NAME = AccentColor;
				CODE_SIGN_STYLE = Automatic;
				CURRENT_PROJECT_VERSION = 1;
				DEVELOPMENT_TEAM = 3SVJCY4HWZ;
				GENERATE_INFOPLIST_FILE = YES;
				INFOPLIST_FILE = googleLogin/Info.plist;
				INFOPLIST_KEY_UIApplicationSupportsIndirectInputEvents = YES;
				INFOPLIST_KEY_UILaunchStoryboardName = LaunchScreen;
				INFOPLIST_KEY_UIMainStoryboardFile = Main;
				INFOPLIST_KEY_UISupportedInterfaceOrientations_iPad = "UIInterfaceOrientationPortrait UIInterfaceOrientationPortraitUpsideDown UIInterfaceOrientationLandscapeLeft UIInterfaceOrientationLandscapeRight";
				INFOPLIST_KEY_UISupportedInterfaceOrientations_iPhone = "UIInterfaceOrientationPortrait UIInterfaceOrientationLandscapeLeft UIInterfaceOrientationLandscapeRight";
				LD_RUNPATH_SEARCH_PATHS = (
					"$(inherited)",
					"@executable_path/Frameworks",
				);
				MARKETING_VERSION = 1.0;
				PRODUCT_BUNDLE_IDENTIFIER = com.googleLogin;
				PRODUCT_NAME = "$(TARGET_NAME)";
				SWIFT_EMIT_LOC_STRINGS = YES;
				SWIFT_VERSION = 5.0;
				TARGETED_DEVICE_FAMILY = "1,2";
			};
			name = Debug;
		};
		041523032AC6D9D50074D846 /* Release */ = {
			isa = XCBuildConfiguration;
			baseConfigurationReference = 79DB74F14CAF43A1F18C2071 /* Pods-googleLogin.release.xcconfig */;
			buildSettings = {
				ASSETCATALOG_COMPILER_APPICON_NAME = AppIcon;
				ASSETCATALOG_COMPILER_GLOBAL_ACCENT_COLOR_NAME = AccentColor;
				CODE_SIGN_STYLE = Automatic;
				CURRENT_PROJECT_VERSION = 1;
				DEVELOPMENT_TEAM = 3SVJCY4HWZ;
				GENERATE_INFOPLIST_FILE = YES;
				INFOPLIST_FILE = googleLogin/Info.plist;
				INFOPLIST_KEY_UIApplicationSupportsIndirectInputEvents = YES;
				INFOPLIST_KEY_UILaunchStoryboardName = LaunchScreen;
				INFOPLIST_KEY_UIMainStoryboardFile = Main;
				INFOPLIST_KEY_UISupportedInterfaceOrientations_iPad = "UIInterfaceOrientationPortrait UIInterfaceOrientationPortraitUpsideDown UIInterfaceOrientationLandscapeLeft UIInterfaceOrientationLandscapeRight";
				INFOPLIST_KEY_UISupportedInterfaceOrientations_iPhone = "UIInterfaceOrientationPortrait UIInterfaceOrientationLandscapeLeft UIInterfaceOrientationLandscapeRight";
				LD_RUNPATH_SEARCH_PATHS = (
					"$(inherited)",
					"@executable_path/Frameworks",
				);
				MARKETING_VERSION = 1.0;
				PRODUCT_BUNDLE_IDENTIFIER = com.googleLogin;
				PRODUCT_NAME = "$(TARGET_NAME)";
				SWIFT_EMIT_LOC_STRINGS = YES;
				SWIFT_VERSION = 5.0;
				TARGETED_DEVICE_FAMILY = "1,2";
			};
			name = Release;
		};
/* End XCBuildConfiguration section */

/* Begin XCConfigurationList section */
		041522E82AC6D9D30074D846 /* Build configuration list for PBXProject "googleLogin" */ = {
			isa = XCConfigurationList;
			buildConfigurations = (
				041522FF2AC6D9D50074D846 /* Debug */,
				041523002AC6D9D50074D846 /* Release */,
			);
			defaultConfigurationIsVisible = 0;
			defaultConfigurationName = Release;
		};
		041523012AC6D9D50074D846 /* Build configuration list for PBXNativeTarget "googleLogin" */ = {
			isa = XCConfigurationList;
			buildConfigurations = (
				041523022AC6D9D50074D846 /* Debug */,
				041523032AC6D9D50074D846 /* Release */,
			);
			defaultConfigurationIsVisible = 0;
			defaultConfigurationName = Release;
		};
/* End XCConfigurationList section */
	};
	rootObject = 041522E52AC6D9D30074D846 /* Project object */;
}
